
Microsoft Visual Studio Solution File, Format Version 12.00
# Visual Studio Version 17
VisualStudioVersion = 17.6.33829.357
MinimumVisualStudioVersion = 10.0.40219.1
Project("{FAE04EC0-301F-11D3-BF4B-00C04F79EFBC}") = "Guia2Ejer7", "Guia2Ejer7.csproj", "{DF274B81-025B-45D4-BD38-749A6DE20A77}"
EndProject
Global
	GlobalSection(SolutionConfigurationPlatforms) = preSolution
		Debug|Any CPU = Debug|Any CPU
		Release|Any CPU = Release|Any CPU
	EndGlobalSection
	GlobalSection(ProjectConfigurationPlatforms) = postSolution
		{DF274B81-025B-45D4-BD38-749A6DE20A77}.Debug|Any CPU.ActiveCfg = Debug|Any CPU
		{DF274B81-025B-45D4-BD38-749A6DE20A77}.Debug|Any CPU.Build.0 = Debug|Any CPU
		{DF274B81-025B-45D4-BD38-749A6DE20A77}.Release|Any CPU.ActiveCfg = Release|Any CPU
		{DF274B81-025B-45D4-BD38-749A6DE20A77}.Release|Any CPU.Build.0 = Release|Any CPU
	EndGlobalSection
	GlobalSection(SolutionProperties) = preSolution
		HideSolutionNode = FALSE
	EndGlobalSection
	GlobalSection(ExtensibilityGlobals) = postSolution
		SolutionGuid = {4BBF4BFA-24DE-4AFB-B65E-127C7A46D43A}
	EndGlobalSection
EndGlobal
