
Microsoft Visual Studio Solution File, Format Version 12.00
# Visual Studio Version 17
VisualStudioVersion = 17.6.33829.357
MinimumVisualStudioVersion = 10.0.40219.1
Project("{FAE04EC0-301F-11D3-BF4B-00C04F79EFBC}") = "Guia2Ejer6", "Guia2Ejer6.csproj", "{270CA259-2F03-4DB5-86D9-B494D73341DD}"
EndProject
Global
	GlobalSection(SolutionConfigurationPlatforms) = preSolution
		Debug|Any CPU = Debug|Any CPU
		Release|Any CPU = Release|Any CPU
	EndGlobalSection
	GlobalSection(ProjectConfigurationPlatforms) = postSolution
		{270CA259-2F03-4DB5-86D9-B494D73341DD}.Debug|Any CPU.ActiveCfg = Debug|Any CPU
		{270CA259-2F03-4DB5-86D9-B494D73341DD}.Debug|Any CPU.Build.0 = Debug|Any CPU
		{270CA259-2F03-4DB5-86D9-B494D73341DD}.Release|Any CPU.ActiveCfg = Release|Any CPU
		{270CA259-2F03-4DB5-86D9-B494D73341DD}.Release|Any CPU.Build.0 = Release|Any CPU
	EndGlobalSection
	GlobalSection(SolutionProperties) = preSolution
		HideSolutionNode = FALSE
	EndGlobalSection
	GlobalSection(ExtensibilityGlobals) = postSolution
		SolutionGuid = {F92E54D6-CD81-4C01-9127-68329891F49C}
	EndGlobalSection
EndGlobal
